
Microsoft Visual Studio Solution File, Format Version 12.00
# Visual Studio Version 16
VisualStudioVersion = 16.0.30104.148
MinimumVisualStudioVersion = 10.0.40219.1
Project("{9A19103F-16F7-4668-BE54-9A1E7A4F7556}") = "AT - Leonardo Ewbank", "TP03 - Leonardo Ewbank\AT - Leonardo Ewbank.csproj", "{B2C0B2AE-D963-44ED-83AF-F1BA52C57502}"
EndProject
Global
	GlobalSection(SolutionConfigurationPlatforms) = preSolution
		Debug|Any CPU = Debug|Any CPU
		Release|Any CPU = Release|Any CPU
	EndGlobalSection
	GlobalSection(ProjectConfigurationPlatforms) = postSolution
		{B2C0B2AE-D963-44ED-83AF-F1BA52C57502}.Debug|Any CPU.ActiveCfg = Debug|Any CPU
		{B2C0B2AE-D963-44ED-83AF-F1BA52C57502}.Debug|Any CPU.Build.0 = Debug|Any CPU
		{B2C0B2AE-D963-44ED-83AF-F1BA52C57502}.Release|Any CPU.ActiveCfg = Release|Any CPU
		{B2C0B2AE-D963-44ED-83AF-F1BA52C57502}.Release|Any CPU.Build.0 = Release|Any CPU
	EndGlobalSection
	GlobalSection(SolutionProperties) = preSolution
		HideSolutionNode = FALSE
	EndGlobalSection
	GlobalSection(ExtensibilityGlobals) = postSolution
		SolutionGuid = {A6972F41-9578-4E8A-B0CF-3A3D53AE0133}
	EndGlobalSection
EndGlobal
